{
  "nodes": {
    "nixPatch": {
      "inputs": {
        "neovim-nightly-overlay": [],
        "nixpkgs": [
          "nixpkgs"
        ]
      },
      "locked": {
        "lastModified": 1760573727,
        "narHash": "sha256-2Ewr9AWYAoZCIpOPBYhZOjyga47iryIDJckCCByumD0=",
        "owner": "NicoElbers",
        "repo": "nixPatch-nvim",
        "rev": "3dc6fcfd3ca0a6b91e355b2e1b05ca76515c1be1",
        "type": "github"
      },
      "original": {
        "owner": "NicoElbers",
        "repo": "nixPatch-nvim",
        "type": "github"
      }
    },
    "nixpkgs": {
      "locked": {
        "lastModified": 1760524057,
        "narHash": "sha256-EVAqOteLBFmd7pKkb0+FIUyzTF61VKi7YmvP1tw4nEw=",
        "ref": "nixos-unstable",
        "rev": "544961dfcce86422ba200ed9a0b00dd4b1486ec5",
        "shallow": true,
        "type": "git",
        "url": "https://github.com/NixOS/nixpkgs"
      },
      "original": {
        "ref": "nixos-unstable",
        "shallow": true,
        "type": "git",
        "url": "https://github.com/NixOS/nixpkgs"
      }
    },
    "root": {
      "inputs": {
        "nixPatch": "nixPatch",
        "nixpkgs": "nixpkgs"
      }
    }
  },
  "root": "root",
  "version": 7
}
