{
  "nodes": {
    "nixCats": {
      "locked": {
        "lastModified": 1768594882,
        "narHash": "sha256-KmVXwe4QDkcZlJbICj4FC83J+ZIT1r5t8nP+dCY/NDk=",
        "owner": "BirdeeHub",
        "repo": "nixCats-nvim",
        "rev": "6a04f1c7d741b1f084324159ab7c15bcedbb1e0a",
        "type": "github"
      },
      "original": {
        "owner": "BirdeeHub",
        "repo": "nixCats-nvim",
        "type": "github"
      }
    },
    "nixpkgs": {
      "locked": {
        "lastModified": 1768564909,
        "narHash": "sha256-Kell/SpJYVkHWMvnhqJz/8DqQg2b6PguxVWOuadbHCc=",
        "ref": "nixos-unstable",
        "rev": "e4bae1bd10c9c57b2cf517953ab70060a828ee6f",
        "shallow": true,
        "type": "git",
        "url": "https://github.com/NixOS/nixpkgs"
      },
      "original": {
        "ref": "nixos-unstable",
        "shallow": true,
        "type": "git",
        "url": "https://github.com/NixOS/nixpkgs"
      }
    },
    "root": {
      "inputs": {
        "nixCats": "nixCats",
        "nixpkgs": "nixpkgs"
      }
    }
  },
  "root": "root",
  "version": 7
}
